
Microsoft Visual Studio Solution File, Format Version 12.00
# Visual Studio 2013
VisualStudioVersion = 12.0.31101.0
MinimumVisualStudioVersion = 10.0.40219.1
Project("{FAE04EC0-301F-11D3-BF4B-00C04F79EFBC}") = "01.Human,StudentAndWorker", "01.Human,StudentAndWorker\01.Human,StudentAndWorker.csproj", "{2417CEE7-D767-4B5A-8329-C5D82737A25C}"
EndProject
Project("{FAE04EC0-301F-11D3-BF4B-00C04F79EFBC}") = "02.Animals", "02.Animals\02.Animals.csproj", "{DAC45482-877A-4269-BC29-ED95BB21A0D3}"
EndProject
Project("{FAE04EC0-301F-11D3-BF4B-00C04F79EFBC}") = "03.CompanyHierarchy", "03.CompanyHierarchy\03.CompanyHierarchy.csproj", "{4E7319F8-7E7E-4A5A-85F1-101AE00045BE}"
EndProject
Global
	GlobalSection(SolutionConfigurationPlatforms) = preSolution
		Debug|Any CPU = Debug|Any CPU
		Release|Any CPU = Release|Any CPU
	EndGlobalSection
	GlobalSection(ProjectConfigurationPlatforms) = postSolution
		{2417CEE7-D767-4B5A-8329-C5D82737A25C}.Debug|Any CPU.ActiveCfg = Debug|Any CPU
		{2417CEE7-D767-4B5A-8329-C5D82737A25C}.Debug|Any CPU.Build.0 = Debug|Any CPU
		{2417CEE7-D767-4B5A-8329-C5D82737A25C}.Release|Any CPU.ActiveCfg = Release|Any CPU
		{2417CEE7-D767-4B5A-8329-C5D82737A25C}.Release|Any CPU.Build.0 = Release|Any CPU
		{DAC45482-877A-4269-BC29-ED95BB21A0D3}.Debug|Any CPU.ActiveCfg = Debug|Any CPU
		{DAC45482-877A-4269-BC29-ED95BB21A0D3}.Debug|Any CPU.Build.0 = Debug|Any CPU
		{DAC45482-877A-4269-BC29-ED95BB21A0D3}.Release|Any CPU.ActiveCfg = Release|Any CPU
		{DAC45482-877A-4269-BC29-ED95BB21A0D3}.Release|Any CPU.Build.0 = Release|Any CPU
		{4E7319F8-7E7E-4A5A-85F1-101AE00045BE}.Debug|Any CPU.ActiveCfg = Debug|Any CPU
		{4E7319F8-7E7E-4A5A-85F1-101AE00045BE}.Debug|Any CPU.Build.0 = Debug|Any CPU
		{4E7319F8-7E7E-4A5A-85F1-101AE00045BE}.Release|Any CPU.ActiveCfg = Release|Any CPU
		{4E7319F8-7E7E-4A5A-85F1-101AE00045BE}.Release|Any CPU.Build.0 = Release|Any CPU
	EndGlobalSection
	GlobalSection(SolutionProperties) = preSolution
		HideSolutionNode = FALSE
	EndGlobalSection
EndGlobal
