
Microsoft Visual Studio Solution File, Format Version 12.00
# Visual Studio 14
VisualStudioVersion = 14.0.22823.1
MinimumVisualStudioVersion = 10.0.40219.1
Project("{2150E333-8FDC-42A3-9474-1A3956D46DE8}") = "01.ValueAndReferenceTypes", "01.ValueAndReferenceTypes", "{2453AD54-7E4A-4763-8217-4B1323F64AED}"
	ProjectSection(SolutionItems) = preProject
		01.ValueAndReferenceTypes.txt = 01.ValueAndReferenceTypes.txt
	EndProjectSection
EndProject
Project("{FAE04EC0-301F-11D3-BF4B-00C04F79EFBC}") = "02.Customer", "02.Customer\02.Customer.csproj", "{88D8C3A2-DB75-4317-8751-A801666362F8}"
EndProject
Project("{FAE04EC0-301F-11D3-BF4B-00C04F79EFBC}") = "03.StringDisperser", "03.StringDisperser\03.StringDisperser.csproj", "{C9E94605-867E-41C9-9624-7EF8CA3BABC2}"
EndProject
Project("{FAE04EC0-301F-11D3-BF4B-00C04F79EFBC}") = "04.CustomTree", "04.CustomTree\04.CustomTree.csproj", "{322D9C28-61F7-40CB-A519-F0B2AC88732B}"
EndProject
Global
	GlobalSection(SolutionConfigurationPlatforms) = preSolution
		Debug|Any CPU = Debug|Any CPU
		Release|Any CPU = Release|Any CPU
	EndGlobalSection
	GlobalSection(ProjectConfigurationPlatforms) = postSolution
		{88D8C3A2-DB75-4317-8751-A801666362F8}.Debug|Any CPU.ActiveCfg = Debug|Any CPU
		{88D8C3A2-DB75-4317-8751-A801666362F8}.Debug|Any CPU.Build.0 = Debug|Any CPU
		{88D8C3A2-DB75-4317-8751-A801666362F8}.Release|Any CPU.ActiveCfg = Release|Any CPU
		{88D8C3A2-DB75-4317-8751-A801666362F8}.Release|Any CPU.Build.0 = Release|Any CPU
		{C9E94605-867E-41C9-9624-7EF8CA3BABC2}.Debug|Any CPU.ActiveCfg = Debug|Any CPU
		{C9E94605-867E-41C9-9624-7EF8CA3BABC2}.Debug|Any CPU.Build.0 = Debug|Any CPU
		{C9E94605-867E-41C9-9624-7EF8CA3BABC2}.Release|Any CPU.ActiveCfg = Release|Any CPU
		{C9E94605-867E-41C9-9624-7EF8CA3BABC2}.Release|Any CPU.Build.0 = Release|Any CPU
		{322D9C28-61F7-40CB-A519-F0B2AC88732B}.Debug|Any CPU.ActiveCfg = Debug|Any CPU
		{322D9C28-61F7-40CB-A519-F0B2AC88732B}.Debug|Any CPU.Build.0 = Debug|Any CPU
		{322D9C28-61F7-40CB-A519-F0B2AC88732B}.Release|Any CPU.ActiveCfg = Release|Any CPU
		{322D9C28-61F7-40CB-A519-F0B2AC88732B}.Release|Any CPU.Build.0 = Release|Any CPU
	EndGlobalSection
	GlobalSection(SolutionProperties) = preSolution
		HideSolutionNode = FALSE
	EndGlobalSection
EndGlobal
